{
  "nodes": {
    "nixpkgs": {
      "locked": {
        "lastModified": 1782764868,
        "narHash": "sha256-7ZOVqNZSb1CWXes02nQuRMYpaRtM61fKfRTRZf76prs=",
        "owner": "NixOS",
        "repo": "nixpkgs",
        "rev": "ddb5e98374d1f16c86ecd70d9c4e2d6c6a5e8dbc",
        "type": "github"
      },
      "original": {
        "owner": "NixOS",
        "repo": "nixpkgs",
        "rev": "ddb5e98374d1f16c86ecd70d9c4e2d6c6a5e8dbc",
        "type": "github"
      }
    },
    "root": {
      "inputs": {
        "nixpkgs": "nixpkgs"
      }
    }
  },
  "root": "root",
  "version": 7
}
